
Microsoft Visual Studio Solution File, Format Version 12.00
# Visual Studio Version 17
VisualStudioVersion = 17.12.35506.116
MinimumVisualStudioVersion = 10.0.40219.1
Project("{FAE04EC0-301F-11D3-BF4B-00C04F79EFBC}") = "RecordShop", "RecordShop\RecordShop.csproj", "{FF2513C3-2505-471C-967E-3140C068FBD3}"
EndProject
Project("{FAE04EC0-301F-11D3-BF4B-00C04F79EFBC}") = "RecordTests", "RecordTests\RecordTests.csproj", "{2F36B8A9-EB47-48A8-8F5F-BD5E01D62511}"
EndProject
Project("{FAE04EC0-301F-11D3-BF4B-00C04F79EFBC}") = "RecordShopClient", "RecordShopClient\RecordShopClient.csproj", "{7E4AED72-B75C-4EFC-A652-56C6E855A343}"
EndProject
Project("{FAE04EC0-301F-11D3-BF4B-00C04F79EFBC}") = "RecordShopApp", "RecordShopApp\RecordShopApp\RecordShopApp.csproj", "{AF25F95A-EE39-4728-ADAC-30F1BD8C4E33}"
EndProject
Project("{FAE04EC0-301F-11D3-BF4B-00C04F79EFBC}") = "RecordShopApp.Client", "RecordShopApp\RecordShopApp.Client\RecordShopApp.Client.csproj", "{94EFEECA-6AF6-469C-941E-7547660308A7}"
EndProject
Global
	GlobalSection(SolutionConfigurationPlatforms) = preSolution
		Debug|Any CPU = Debug|Any CPU
		Release|Any CPU = Release|Any CPU
	EndGlobalSection
	GlobalSection(ProjectConfigurationPlatforms) = postSolution
		{FF2513C3-2505-471C-967E-3140C068FBD3}.Debug|Any CPU.ActiveCfg = Debug|Any CPU
		{FF2513C3-2505-471C-967E-3140C068FBD3}.Debug|Any CPU.Build.0 = Debug|Any CPU
		{FF2513C3-2505-471C-967E-3140C068FBD3}.Release|Any CPU.ActiveCfg = Release|Any CPU
		{FF2513C3-2505-471C-967E-3140C068FBD3}.Release|Any CPU.Build.0 = Release|Any CPU
		{2F36B8A9-EB47-48A8-8F5F-BD5E01D62511}.Debug|Any CPU.ActiveCfg = Debug|Any CPU
		{2F36B8A9-EB47-48A8-8F5F-BD5E01D62511}.Debug|Any CPU.Build.0 = Debug|Any CPU
		{2F36B8A9-EB47-48A8-8F5F-BD5E01D62511}.Release|Any CPU.ActiveCfg = Release|Any CPU
		{2F36B8A9-EB47-48A8-8F5F-BD5E01D62511}.Release|Any CPU.Build.0 = Release|Any CPU
		{7E4AED72-B75C-4EFC-A652-56C6E855A343}.Debug|Any CPU.ActiveCfg = Debug|Any CPU
		{7E4AED72-B75C-4EFC-A652-56C6E855A343}.Debug|Any CPU.Build.0 = Debug|Any CPU
		{7E4AED72-B75C-4EFC-A652-56C6E855A343}.Release|Any CPU.ActiveCfg = Release|Any CPU
		{7E4AED72-B75C-4EFC-A652-56C6E855A343}.Release|Any CPU.Build.0 = Release|Any CPU
		{AF25F95A-EE39-4728-ADAC-30F1BD8C4E33}.Debug|Any CPU.ActiveCfg = Debug|Any CPU
		{AF25F95A-EE39-4728-ADAC-30F1BD8C4E33}.Debug|Any CPU.Build.0 = Debug|Any CPU
		{AF25F95A-EE39-4728-ADAC-30F1BD8C4E33}.Release|Any CPU.ActiveCfg = Release|Any CPU
		{AF25F95A-EE39-4728-ADAC-30F1BD8C4E33}.Release|Any CPU.Build.0 = Release|Any CPU
		{94EFEECA-6AF6-469C-941E-7547660308A7}.Debug|Any CPU.ActiveCfg = Debug|Any CPU
		{94EFEECA-6AF6-469C-941E-7547660308A7}.Debug|Any CPU.Build.0 = Debug|Any CPU
		{94EFEECA-6AF6-469C-941E-7547660308A7}.Release|Any CPU.ActiveCfg = Release|Any CPU
		{94EFEECA-6AF6-469C-941E-7547660308A7}.Release|Any CPU.Build.0 = Release|Any CPU
	EndGlobalSection
	GlobalSection(SolutionProperties) = preSolution
		HideSolutionNode = FALSE
	EndGlobalSection
EndGlobal
